Microsoft Visual Studio Solution File, Format Version 12.00
# Visual Studio Version 17
VisualStudioVersion = 17.5.2.0
MinimumVisualStudioVersion = 10.0.40219.1
Project("{2150E333-8FDC-42A3-9474-1A3956D46DE8}") = "apps", "apps", "{1787FE1D-075E-9E68-7218-25F1BD1BBEAB}"
EndProject
Project("{2150E333-8FDC-42A3-9474-1A3956D46DE8}") = "unity-client", "unity-client", "{70891D76-1842-7855-A198-5943AC43800E}"
EndProject
Project("{FAE04EC0-301F-11D3-BF4B-00C04F79EFBC}") = "Assembly-CSharp", "apps\unity-client\Assembly-CSharp.csproj", "{7BC2832F-3BB9-5D71-4C6B-A3944B5148B6}"
EndProject
Project("{FAE04EC0-301F-11D3-BF4B-00C04F79EFBC}") = "Unity.XR.Interaction.Toolkit.Samples.ARStarterAssets", "apps\unity-client\Unity.XR.Interaction.Toolkit.Samples.ARStarterAssets.csproj", "{6BC40437-9609-E326-15BB-9E455A7802CE}"
EndProject
Project("{FAE04EC0-301F-11D3-BF4B-00C04F79EFBC}") = "Unity.XR.Interaction.Toolkit.Samples.ARStarterAssets.Editor", "apps\unity-client\Unity.XR.Interaction.Toolkit.Samples.ARStarterAssets.Editor.csproj", "{13DDBEF2-F5E5-7632-3077-84B14DF3857A}"
EndProject
Project("{FAE04EC0-301F-11D3-BF4B-00C04F79EFBC}") = "Unity.XR.Interaction.Toolkit.Samples.StarterAssets", "apps\unity-client\Unity.XR.Interaction.Toolkit.Samples.StarterAssets.csproj", "{60C67F79-7722-4E33-1DF6-F3AA6778CD54}"
EndProject
Project("{FAE04EC0-301F-11D3-BF4B-00C04F79EFBC}") = "Unity.XR.Interaction.Toolkit.Samples.StarterAssets.Editor", "apps\unity-client\Unity.XR.Interaction.Toolkit.Samples.StarterAssets.Editor.csproj", "{2D2BD5AD-A72B-C791-0F0E-D317012288E5}"
EndProject
Global
	GlobalSection(SolutionConfigurationPlatforms) = preSolution
		Debug|Any CPU = Debug|Any CPU
		Release|Any CPU = Release|Any CPU
	EndGlobalSection
	GlobalSection(ProjectConfigurationPlatforms) = postSolution
		{7BC2832F-3BB9-5D71-4C6B-A3944B5148B6}.Debug|Any CPU.ActiveCfg = Debug|Any CPU
		{7BC2832F-3BB9-5D71-4C6B-A3944B5148B6}.Debug|Any CPU.Build.0 = Debug|Any CPU
		{7BC2832F-3BB9-5D71-4C6B-A3944B5148B6}.Release|Any CPU.ActiveCfg = Release|Any CPU
		{7BC2832F-3BB9-5D71-4C6B-A3944B5148B6}.Release|Any CPU.Build.0 = Release|Any CPU
		{6BC40437-9609-E326-15BB-9E455A7802CE}.Debug|Any CPU.ActiveCfg = Debug|Any CPU
		{6BC40437-9609-E326-15BB-9E455A7802CE}.Debug|Any CPU.Build.0 = Debug|Any CPU
		{6BC40437-9609-E326-15BB-9E455A7802CE}.Release|Any CPU.ActiveCfg = Release|Any CPU
		{6BC40437-9609-E326-15BB-9E455A7802CE}.Release|Any CPU.Build.0 = Release|Any CPU
		{13DDBEF2-F5E5-7632-3077-84B14DF3857A}.Debug|Any CPU.ActiveCfg = Debug|Any CPU
		{13DDBEF2-F5E5-7632-3077-84B14DF3857A}.Debug|Any CPU.Build.0 = Debug|Any CPU
		{13DDBEF2-F5E5-7632-3077-84B14DF3857A}.Release|Any CPU.ActiveCfg = Release|Any CPU
		{13DDBEF2-F5E5-7632-3077-84B14DF3857A}.Release|Any CPU.Build.0 = Release|Any CPU
		{60C67F79-7722-4E33-1DF6-F3AA6778CD54}.Debug|Any CPU.ActiveCfg = Debug|Any CPU
		{60C67F79-7722-4E33-1DF6-F3AA6778CD54}.Debug|Any CPU.Build.0 = Debug|Any CPU
		{60C67F79-7722-4E33-1DF6-F3AA6778CD54}.Release|Any CPU.ActiveCfg = Release|Any CPU
		{60C67F79-7722-4E33-1DF6-F3AA6778CD54}.Release|Any CPU.Build.0 = Release|Any CPU
		{2D2BD5AD-A72B-C791-0F0E-D317012288E5}.Debug|Any CPU.ActiveCfg = Debug|Any CPU
		{2D2BD5AD-A72B-C791-0F0E-D317012288E5}.Debug|Any CPU.Build.0 = Debug|Any CPU
		{2D2BD5AD-A72B-C791-0F0E-D317012288E5}.Release|Any CPU.ActiveCfg = Release|Any CPU
		{2D2BD5AD-A72B-C791-0F0E-D317012288E5}.Release|Any CPU.Build.0 = Release|Any CPU
	EndGlobalSection
	GlobalSection(SolutionProperties) = preSolution
		HideSolutionNode = FALSE
	EndGlobalSection
	GlobalSection(NestedProjects) = preSolution
		{70891D76-1842-7855-A198-5943AC43800E} = {1787FE1D-075E-9E68-7218-25F1BD1BBEAB}
		{7BC2832F-3BB9-5D71-4C6B-A3944B5148B6} = {70891D76-1842-7855-A198-5943AC43800E}
		{6BC40437-9609-E326-15BB-9E455A7802CE} = {70891D76-1842-7855-A198-5943AC43800E}
		{13DDBEF2-F5E5-7632-3077-84B14DF3857A} = {70891D76-1842-7855-A198-5943AC43800E}
		{60C67F79-7722-4E33-1DF6-F3AA6778CD54} = {70891D76-1842-7855-A198-5943AC43800E}
		{2D2BD5AD-A72B-C791-0F0E-D317012288E5} = {70891D76-1842-7855-A198-5943AC43800E}
	EndGlobalSection
	GlobalSection(ExtensibilityGlobals) = postSolution
		SolutionGuid = {76662A86-F874-4236-B128-349933EABD82}
	EndGlobalSection
EndGlobal
